
Microsoft Visual Studio Solution File, Format Version 12.00
# Visual Studio Version 17
VisualStudioVersion = 17.4.33213.308
MinimumVisualStudioVersion = 10.0.40219.1
Project("{FAE04EC0-301F-11D3-BF4B-00C04F79EFBC}") = "RadioCS", "RadioCS\RadioCS.csproj", "{43B0AAA1-5EC7-449D-A486-A7D38D738AEA}"
EndProject
Global
	GlobalSection(SolutionConfigurationPlatforms) = preSolution
		Debug|Any CPU = Debug|Any CPU
		Release|Any CPU = Release|Any CPU
	EndGlobalSection
	GlobalSection(ProjectConfigurationPlatforms) = postSolution
		{43B0AAA1-5EC7-449D-A486-A7D38D738AEA}.Debug|Any CPU.ActiveCfg = Debug|Any CPU
		{43B0AAA1-5EC7-449D-A486-A7D38D738AEA}.Debug|Any CPU.Build.0 = Debug|Any CPU
		{43B0AAA1-5EC7-449D-A486-A7D38D738AEA}.Release|Any CPU.ActiveCfg = Release|Any CPU
		{43B0AAA1-5EC7-449D-A486-A7D38D738AEA}.Release|Any CPU.Build.0 = Release|Any CPU
	EndGlobalSection
	GlobalSection(SolutionProperties) = preSolution
		HideSolutionNode = FALSE
	EndGlobalSection
	GlobalSection(ExtensibilityGlobals) = postSolution
		SolutionGuid = {B12F0E10-1723-47D5-BDC3-913AA9EEC5F7}
	EndGlobalSection
EndGlobal
